
Microsoft Visual Studio Solution File, Format Version 12.00
# Visual Studio Version 17
VisualStudioVersion = 17.1.32210.238
MinimumVisualStudioVersion = 10.0.40219.1
Project("{2150E333-8FDC-42A3-9474-1A3956D46DE8}") = "Consoles", "Consoles", "{14009178-075D-478A-AC48-D55FAB51F0E5}"
EndProject
Project("{9A19103F-16F7-4668-BE54-9A1E7A4F7556}") = "ConsoleApp.WebScrapper", "src\ConsoleApp.WebScrapper\ConsoleApp.WebScrapper.csproj", "{3FEC6954-D74B-4D02-9936-A116FDACC291}"
EndProject
Project("{2150E333-8FDC-42A3-9474-1A3956D46DE8}") = "Contexts", "Contexts", "{A5BB109A-F198-4783-8235-7798E63EC77E}"
EndProject
Project("{2150E333-8FDC-42A3-9474-1A3956D46DE8}") = "Domain", "Domain", "{73EC916A-BD7C-47AE-BC12-0BD125122505}"
EndProject
Project("{2150E333-8FDC-42A3-9474-1A3956D46DE8}") = "Infra", "Infra", "{2BF756A6-9E5A-486B-8D33-C1E16C6436A3}"
EndProject
Project("{2150E333-8FDC-42A3-9474-1A3956D46DE8}") = "Databases", "Databases", "{79640EFA-96DC-41FD-B7F3-66FFA714A3CE}"
EndProject
Project("{9A19103F-16F7-4668-BE54-9A1E7A4F7556}") = "Crawlers.Infra.Databases", "src\Infra.Databases\Crawlers.Infra.Databases.csproj", "{A29F4249-42A6-4CB8-A8C1-8B1B97345839}"
EndProject
Project("{2150E333-8FDC-42A3-9474-1A3956D46DE8}") = "Crawlers", "Crawlers", "{88F9AB72-BAA9-42F2-936B-850EAC0723E7}"
EndProject
Project("{9A19103F-16F7-4668-BE54-9A1E7A4F7556}") = "Crawlers.Domains", "src\Crawler.Domain\Crawlers.Domains.csproj", "{54440775-AF62-4B31-834A-FD020710388A}"
EndProject
Project("{2150E333-8FDC-42A3-9474-1A3956D46DE8}") = "Tests", "Tests", "{9B295EE8-9BB4-426A-BEC8-97701DCD6A67}"
EndProject
Project("{9A19103F-16F7-4668-BE54-9A1E7A4F7556}") = "Tests.Crawler.Domains", "src\Tests.Crawler.Domain\Tests.Crawler.Domains.csproj", "{29407EB7-9988-4098-8DF7-4C3933CCDDFE}"
EndProject
Project("{2150E333-8FDC-42A3-9474-1A3956D46DE8}") = "Contexts", "Contexts", "{7D7226D3-8B20-4BF2-9AFE-242B2CC8A1D9}"
EndProject
Project("{2150E333-8FDC-42A3-9474-1A3956D46DE8}") = "Crawler", "Crawler", "{362725E1-567C-4320-8B32-F20113FC9254}"
EndProject
Project("{2150E333-8FDC-42A3-9474-1A3956D46DE8}") = "Application", "Application", "{64670CD4-8AD6-4009-B47E-61388D6B26DC}"
EndProject
Project("{9A19103F-16F7-4668-BE54-9A1E7A4F7556}") = "Crawlers.Application", "src\Crawlers.Application\Crawlers.Application.csproj", "{B1EF5FCD-CE50-4D14-84DA-A454B3F1D4EC}"
EndProject
Project("{2150E333-8FDC-42A3-9474-1A3956D46DE8}") = "Services", "Services", "{9D44EA72-2D53-4CFF-ABD1-797867A20621}"
EndProject
Project("{9A19103F-16F7-4668-BE54-9A1E7A4F7556}") = "Crawlers.Infra.WebScrapperServices", "src\Crawlers.Infra.WebScrapperServices\Crawlers.Infra.WebScrapperServices.csproj", "{B5F0624B-1B2E-414E-B1E3-1CB4422FA8BC}"
EndProject
Project("{2150E333-8FDC-42A3-9474-1A3956D46DE8}") = "Domain", "Domain", "{4C1A184E-175B-41A6-9A56-2E4A30620E73}"
EndProject
Project("{2150E333-8FDC-42A3-9474-1A3956D46DE8}") = "Infra", "Infra", "{E824E62B-DC54-42B0-8A3E-582211FF51EC}"
EndProject
Project("{2150E333-8FDC-42A3-9474-1A3956D46DE8}") = "Services", "Services", "{83AEB601-7CC0-4272-986B-618C5647A69E}"
EndProject
Project("{9A19103F-16F7-4668-BE54-9A1E7A4F7556}") = "Tests.Crawler.Services", "src\Tests.Crawler.Services\Tests.Crawler.Services.csproj", "{43C4CBE5-E862-4FBB-BB7D-41BA36A0C032}"
EndProject
Project("{2150E333-8FDC-42A3-9474-1A3956D46DE8}") = "Core", "Core", "{65B41F55-CB03-4687-95D1-9D9E56DE1DB8}"
EndProject
Project("{2150E333-8FDC-42A3-9474-1A3956D46DE8}") = "Infra", "Infra", "{8EFEB6C9-2B88-4514-A404-8A8AFC103697}"
EndProject
Project("{9A19103F-16F7-4668-BE54-9A1E7A4F7556}") = "Core.Infra.IoC", "src\Core.Infra.IoC\Core.Infra.IoC.csproj", "{9DB5D360-670D-470A-9AA2-722DB6CF5E49}"
EndProject
Project("{2150E333-8FDC-42A3-9474-1A3956D46DE8}") = "Mockers", "Mockers", "{4EC8734B-BA6E-4196-8061-91693F3F78EA}"
EndProject
Project("{2150E333-8FDC-42A3-9474-1A3956D46DE8}") = "Contexts", "Contexts", "{B7A03E69-B94C-4698-B324-C31C39105C43}"
EndProject
Project("{2150E333-8FDC-42A3-9474-1A3956D46DE8}") = "Infra", "Infra", "{B15BB2CF-910A-4549-ABE7-9DC7042196DF}"
EndProject
Project("{2150E333-8FDC-42A3-9474-1A3956D46DE8}") = "Services", "Services", "{51DC3FAD-5D81-41EE-B9F3-FF58F8FF0C66}"
EndProject
Project("{9A19103F-16F7-4668-BE54-9A1E7A4F7556}") = "Mockers.Contexts.Crawlers.Infra.Services", "src\Mockers.Contexts.Crawlers.Infra.Services\Mockers.Contexts.Crawlers.Infra.Services.csproj", "{4405A2F1-37DB-4CFB-841A-F840FD79C03D}"
EndProject
Project("{2150E333-8FDC-42A3-9474-1A3956D46DE8}") = "Crawlers", "Crawlers", "{009F5F93-6432-4C3E-9F84-1EAC85D09BF8}"
EndProject
Global
	GlobalSection(SolutionConfigurationPlatforms) = preSolution
		Debug|Any CPU = Debug|Any CPU
		Release|Any CPU = Release|Any CPU
	EndGlobalSection
	GlobalSection(ProjectConfigurationPlatforms) = postSolution
		{3FEC6954-D74B-4D02-9936-A116FDACC291}.Debug|Any CPU.ActiveCfg = Debug|Any CPU
		{3FEC6954-D74B-4D02-9936-A116FDACC291}.Debug|Any CPU.Build.0 = Debug|Any CPU
		{3FEC6954-D74B-4D02-9936-A116FDACC291}.Release|Any CPU.ActiveCfg = Release|Any CPU
		{3FEC6954-D74B-4D02-9936-A116FDACC291}.Release|Any CPU.Build.0 = Release|Any CPU
		{A29F4249-42A6-4CB8-A8C1-8B1B97345839}.Debug|Any CPU.ActiveCfg = Debug|Any CPU
		{A29F4249-42A6-4CB8-A8C1-8B1B97345839}.Debug|Any CPU.Build.0 = Debug|Any CPU
		{A29F4249-42A6-4CB8-A8C1-8B1B97345839}.Release|Any CPU.ActiveCfg = Release|Any CPU
		{A29F4249-42A6-4CB8-A8C1-8B1B97345839}.Release|Any CPU.Build.0 = Release|Any CPU
		{54440775-AF62-4B31-834A-FD020710388A}.Debug|Any CPU.ActiveCfg = Debug|Any CPU
		{54440775-AF62-4B31-834A-FD020710388A}.Debug|Any CPU.Build.0 = Debug|Any CPU
		{54440775-AF62-4B31-834A-FD020710388A}.Release|Any CPU.ActiveCfg = Release|Any CPU
		{54440775-AF62-4B31-834A-FD020710388A}.Release|Any CPU.Build.0 = Release|Any CPU
		{29407EB7-9988-4098-8DF7-4C3933CCDDFE}.Debug|Any CPU.ActiveCfg = Debug|Any CPU
		{29407EB7-9988-4098-8DF7-4C3933CCDDFE}.Debug|Any CPU.Build.0 = Debug|Any CPU
		{29407EB7-9988-4098-8DF7-4C3933CCDDFE}.Release|Any CPU.ActiveCfg = Release|Any CPU
		{29407EB7-9988-4098-8DF7-4C3933CCDDFE}.Release|Any CPU.Build.0 = Release|Any CPU
		{B1EF5FCD-CE50-4D14-84DA-A454B3F1D4EC}.Debug|Any CPU.ActiveCfg = Debug|Any CPU
		{B1EF5FCD-CE50-4D14-84DA-A454B3F1D4EC}.Debug|Any CPU.Build.0 = Debug|Any CPU
		{B1EF5FCD-CE50-4D14-84DA-A454B3F1D4EC}.Release|Any CPU.ActiveCfg = Release|Any CPU
		{B1EF5FCD-CE50-4D14-84DA-A454B3F1D4EC}.Release|Any CPU.Build.0 = Release|Any CPU
		{B5F0624B-1B2E-414E-B1E3-1CB4422FA8BC}.Debug|Any CPU.ActiveCfg = Debug|Any CPU
		{B5F0624B-1B2E-414E-B1E3-1CB4422FA8BC}.Debug|Any CPU.Build.0 = Debug|Any CPU
		{B5F0624B-1B2E-414E-B1E3-1CB4422FA8BC}.Release|Any CPU.ActiveCfg = Release|Any CPU
		{B5F0624B-1B2E-414E-B1E3-1CB4422FA8BC}.Release|Any CPU.Build.0 = Release|Any CPU
		{43C4CBE5-E862-4FBB-BB7D-41BA36A0C032}.Debug|Any CPU.ActiveCfg = Debug|Any CPU
		{43C4CBE5-E862-4FBB-BB7D-41BA36A0C032}.Debug|Any CPU.Build.0 = Debug|Any CPU
		{43C4CBE5-E862-4FBB-BB7D-41BA36A0C032}.Release|Any CPU.ActiveCfg = Release|Any CPU
		{43C4CBE5-E862-4FBB-BB7D-41BA36A0C032}.Release|Any CPU.Build.0 = Release|Any CPU
		{9DB5D360-670D-470A-9AA2-722DB6CF5E49}.Debug|Any CPU.ActiveCfg = Debug|Any CPU
		{9DB5D360-670D-470A-9AA2-722DB6CF5E49}.Debug|Any CPU.Build.0 = Debug|Any CPU
		{9DB5D360-670D-470A-9AA2-722DB6CF5E49}.Release|Any CPU.ActiveCfg = Release|Any CPU
		{9DB5D360-670D-470A-9AA2-722DB6CF5E49}.Release|Any CPU.Build.0 = Release|Any CPU
		{4405A2F1-37DB-4CFB-841A-F840FD79C03D}.Debug|Any CPU.ActiveCfg = Debug|Any CPU
		{4405A2F1-37DB-4CFB-841A-F840FD79C03D}.Debug|Any CPU.Build.0 = Debug|Any CPU
		{4405A2F1-37DB-4CFB-841A-F840FD79C03D}.Release|Any CPU.ActiveCfg = Release|Any CPU
		{4405A2F1-37DB-4CFB-841A-F840FD79C03D}.Release|Any CPU.Build.0 = Release|Any CPU
	EndGlobalSection
	GlobalSection(SolutionProperties) = preSolution
		HideSolutionNode = FALSE
	EndGlobalSection
	GlobalSection(NestedProjects) = preSolution
		{3FEC6954-D74B-4D02-9936-A116FDACC291} = {14009178-075D-478A-AC48-D55FAB51F0E5}
		{73EC916A-BD7C-47AE-BC12-0BD125122505} = {88F9AB72-BAA9-42F2-936B-850EAC0723E7}
		{2BF756A6-9E5A-486B-8D33-C1E16C6436A3} = {88F9AB72-BAA9-42F2-936B-850EAC0723E7}
		{79640EFA-96DC-41FD-B7F3-66FFA714A3CE} = {2BF756A6-9E5A-486B-8D33-C1E16C6436A3}
		{A29F4249-42A6-4CB8-A8C1-8B1B97345839} = {79640EFA-96DC-41FD-B7F3-66FFA714A3CE}
		{88F9AB72-BAA9-42F2-936B-850EAC0723E7} = {A5BB109A-F198-4783-8235-7798E63EC77E}
		{54440775-AF62-4B31-834A-FD020710388A} = {73EC916A-BD7C-47AE-BC12-0BD125122505}
		{29407EB7-9988-4098-8DF7-4C3933CCDDFE} = {4C1A184E-175B-41A6-9A56-2E4A30620E73}
		{7D7226D3-8B20-4BF2-9AFE-242B2CC8A1D9} = {9B295EE8-9BB4-426A-BEC8-97701DCD6A67}
		{362725E1-567C-4320-8B32-F20113FC9254} = {7D7226D3-8B20-4BF2-9AFE-242B2CC8A1D9}
		{64670CD4-8AD6-4009-B47E-61388D6B26DC} = {88F9AB72-BAA9-42F2-936B-850EAC0723E7}
		{B1EF5FCD-CE50-4D14-84DA-A454B3F1D4EC} = {64670CD4-8AD6-4009-B47E-61388D6B26DC}
		{9D44EA72-2D53-4CFF-ABD1-797867A20621} = {2BF756A6-9E5A-486B-8D33-C1E16C6436A3}
		{B5F0624B-1B2E-414E-B1E3-1CB4422FA8BC} = {9D44EA72-2D53-4CFF-ABD1-797867A20621}
		{4C1A184E-175B-41A6-9A56-2E4A30620E73} = {362725E1-567C-4320-8B32-F20113FC9254}
		{E824E62B-DC54-42B0-8A3E-582211FF51EC} = {362725E1-567C-4320-8B32-F20113FC9254}
		{83AEB601-7CC0-4272-986B-618C5647A69E} = {E824E62B-DC54-42B0-8A3E-582211FF51EC}
		{43C4CBE5-E862-4FBB-BB7D-41BA36A0C032} = {83AEB601-7CC0-4272-986B-618C5647A69E}
		{65B41F55-CB03-4687-95D1-9D9E56DE1DB8} = {A5BB109A-F198-4783-8235-7798E63EC77E}
		{8EFEB6C9-2B88-4514-A404-8A8AFC103697} = {65B41F55-CB03-4687-95D1-9D9E56DE1DB8}
		{9DB5D360-670D-470A-9AA2-722DB6CF5E49} = {8EFEB6C9-2B88-4514-A404-8A8AFC103697}
		{B7A03E69-B94C-4698-B324-C31C39105C43} = {4EC8734B-BA6E-4196-8061-91693F3F78EA}
		{B15BB2CF-910A-4549-ABE7-9DC7042196DF} = {009F5F93-6432-4C3E-9F84-1EAC85D09BF8}
		{51DC3FAD-5D81-41EE-B9F3-FF58F8FF0C66} = {B15BB2CF-910A-4549-ABE7-9DC7042196DF}
		{4405A2F1-37DB-4CFB-841A-F840FD79C03D} = {51DC3FAD-5D81-41EE-B9F3-FF58F8FF0C66}
		{009F5F93-6432-4C3E-9F84-1EAC85D09BF8} = {B7A03E69-B94C-4698-B324-C31C39105C43}
	EndGlobalSection
	GlobalSection(ExtensibilityGlobals) = postSolution
		SolutionGuid = {4B636D73-3C88-43D2-B80B-F570E9CB6E10}
	EndGlobalSection
EndGlobal
