
Microsoft Visual Studio Solution File, Format Version 12.00
# Visual Studio Version 17
VisualStudioVersion = 17.1.32210.238
MinimumVisualStudioVersion = 10.0.40219.1
Project("{2150E333-8FDC-42A3-9474-1A3956D46DE8}") = "Consoles", "Consoles", "{14009178-075D-478A-AC48-D55FAB51F0E5}"
EndProject
Project("{9A19103F-16F7-4668-BE54-9A1E7A4F7556}") = "ConsoleApp.WebScrapper", "src\ConsoleApp.WebScrapper\ConsoleApp.WebScrapper.csproj", "{3FEC6954-D74B-4D02-9936-A116FDACC291}"
EndProject
Project("{2150E333-8FDC-42A3-9474-1A3956D46DE8}") = "BoundedContext", "BoundedContext", "{A5BB109A-F198-4783-8235-7798E63EC77E}"
EndProject
Project("{2150E333-8FDC-42A3-9474-1A3956D46DE8}") = "Domain", "Domain", "{73EC916A-BD7C-47AE-BC12-0BD125122505}"
EndProject
Project("{2150E333-8FDC-42A3-9474-1A3956D46DE8}") = "Infra", "Infra", "{2BF756A6-9E5A-486B-8D33-C1E16C6436A3}"
EndProject
Project("{2150E333-8FDC-42A3-9474-1A3956D46DE8}") = "Databases", "Databases", "{79640EFA-96DC-41FD-B7F3-66FFA714A3CE}"
EndProject
Project("{9A19103F-16F7-4668-BE54-9A1E7A4F7556}") = "Crawler.Infra.Databases", "src\Infra.Databases\Crawler.Infra.Databases.csproj", "{A29F4249-42A6-4CB8-A8C1-8B1B97345839}"
EndProject
Project("{2150E333-8FDC-42A3-9474-1A3956D46DE8}") = "Crawlers", "Crawlers", "{88F9AB72-BAA9-42F2-936B-850EAC0723E7}"
EndProject
Project("{FAE04EC0-301F-11D3-BF4B-00C04F79EFBC}") = "Crawlers.Domain", "src\Crawler.Domain\Crawlers.Domain.csproj", "{54440775-AF62-4B31-834A-FD020710388A}"
EndProject
Project("{2150E333-8FDC-42A3-9474-1A3956D46DE8}") = "Tests", "Tests", "{9B295EE8-9BB4-426A-BEC8-97701DCD6A67}"
EndProject
Project("{FAE04EC0-301F-11D3-BF4B-00C04F79EFBC}") = "Tests.Crawler.Domain", "src\Tests.Crawler.Domain\Tests.Crawler.Domain.csproj", "{29407EB7-9988-4098-8DF7-4C3933CCDDFE}"
EndProject
Project("{2150E333-8FDC-42A3-9474-1A3956D46DE8}") = "BoundedContext", "BoundedContext", "{7D7226D3-8B20-4BF2-9AFE-242B2CC8A1D9}"
EndProject
Project("{2150E333-8FDC-42A3-9474-1A3956D46DE8}") = "Crawler", "Crawler", "{362725E1-567C-4320-8B32-F20113FC9254}"
EndProject
Global
	GlobalSection(SolutionConfigurationPlatforms) = preSolution
		Debug|Any CPU = Debug|Any CPU
		Release|Any CPU = Release|Any CPU
	EndGlobalSection
	GlobalSection(ProjectConfigurationPlatforms) = postSolution
		{3FEC6954-D74B-4D02-9936-A116FDACC291}.Debug|Any CPU.ActiveCfg = Debug|Any CPU
		{3FEC6954-D74B-4D02-9936-A116FDACC291}.Debug|Any CPU.Build.0 = Debug|Any CPU
		{3FEC6954-D74B-4D02-9936-A116FDACC291}.Release|Any CPU.ActiveCfg = Release|Any CPU
		{3FEC6954-D74B-4D02-9936-A116FDACC291}.Release|Any CPU.Build.0 = Release|Any CPU
		{A29F4249-42A6-4CB8-A8C1-8B1B97345839}.Debug|Any CPU.ActiveCfg = Debug|Any CPU
		{A29F4249-42A6-4CB8-A8C1-8B1B97345839}.Debug|Any CPU.Build.0 = Debug|Any CPU
		{A29F4249-42A6-4CB8-A8C1-8B1B97345839}.Release|Any CPU.ActiveCfg = Release|Any CPU
		{A29F4249-42A6-4CB8-A8C1-8B1B97345839}.Release|Any CPU.Build.0 = Release|Any CPU
		{54440775-AF62-4B31-834A-FD020710388A}.Debug|Any CPU.ActiveCfg = Debug|Any CPU
		{54440775-AF62-4B31-834A-FD020710388A}.Debug|Any CPU.Build.0 = Debug|Any CPU
		{54440775-AF62-4B31-834A-FD020710388A}.Release|Any CPU.ActiveCfg = Release|Any CPU
		{54440775-AF62-4B31-834A-FD020710388A}.Release|Any CPU.Build.0 = Release|Any CPU
		{29407EB7-9988-4098-8DF7-4C3933CCDDFE}.Debug|Any CPU.ActiveCfg = Debug|Any CPU
		{29407EB7-9988-4098-8DF7-4C3933CCDDFE}.Debug|Any CPU.Build.0 = Debug|Any CPU
		{29407EB7-9988-4098-8DF7-4C3933CCDDFE}.Release|Any CPU.ActiveCfg = Release|Any CPU
		{29407EB7-9988-4098-8DF7-4C3933CCDDFE}.Release|Any CPU.Build.0 = Release|Any CPU
	EndGlobalSection
	GlobalSection(SolutionProperties) = preSolution
		HideSolutionNode = FALSE
	EndGlobalSection
	GlobalSection(NestedProjects) = preSolution
		{3FEC6954-D74B-4D02-9936-A116FDACC291} = {14009178-075D-478A-AC48-D55FAB51F0E5}
		{73EC916A-BD7C-47AE-BC12-0BD125122505} = {88F9AB72-BAA9-42F2-936B-850EAC0723E7}
		{2BF756A6-9E5A-486B-8D33-C1E16C6436A3} = {88F9AB72-BAA9-42F2-936B-850EAC0723E7}
		{79640EFA-96DC-41FD-B7F3-66FFA714A3CE} = {2BF756A6-9E5A-486B-8D33-C1E16C6436A3}
		{A29F4249-42A6-4CB8-A8C1-8B1B97345839} = {79640EFA-96DC-41FD-B7F3-66FFA714A3CE}
		{88F9AB72-BAA9-42F2-936B-850EAC0723E7} = {A5BB109A-F198-4783-8235-7798E63EC77E}
		{54440775-AF62-4B31-834A-FD020710388A} = {73EC916A-BD7C-47AE-BC12-0BD125122505}
		{29407EB7-9988-4098-8DF7-4C3933CCDDFE} = {9B295EE8-9BB4-426A-BEC8-97701DCD6A67}
		{7D7226D3-8B20-4BF2-9AFE-242B2CC8A1D9} = {9B295EE8-9BB4-426A-BEC8-97701DCD6A67}
		{362725E1-567C-4320-8B32-F20113FC9254} = {7D7226D3-8B20-4BF2-9AFE-242B2CC8A1D9}
	EndGlobalSection
	GlobalSection(ExtensibilityGlobals) = postSolution
		SolutionGuid = {4B636D73-3C88-43D2-B80B-F570E9CB6E10}
	EndGlobalSection
EndGlobal
